
Microsoft Visual Studio Solution File, Format Version 12.00
# Visual Studio Version 17
VisualStudioVersion = 17.0.31903.59
MinimumVisualStudioVersion = 10.0.40219.1
Project("{FAE04EC0-301F-11D3-BF4B-00C04F79EFBC}") = "LLMProxy.Domain", "src\Core\LLMProxy.Domain\LLMProxy.Domain.csproj", "{A1111111-1111-1111-1111-111111111111}"
EndProject
Project("{FAE04EC0-301F-11D3-BF4B-00C04F79EFBC}") = "LLMProxy.Application", "src\Application\LLMProxy.Application\LLMProxy.Application.csproj", "{A2222222-2222-2222-2222-222222222222}"
EndProject
Project("{FAE04EC0-301F-11D3-BF4B-00C04F79EFBC}") = "LLMProxy.Infrastructure.PostgreSQL", "src\Infrastructure\LLMProxy.Infrastructure.PostgreSQL\LLMProxy.Infrastructure.PostgreSQL.csproj", "{A3333333-3333-3333-3333-333333333333}"
EndProject
Project("{FAE04EC0-301F-11D3-BF4B-00C04F79EFBC}") = "LLMProxy.Infrastructure.Redis", "src\Infrastructure\LLMProxy.Infrastructure.Redis\LLMProxy.Infrastructure.Redis.csproj", "{A4444444-4444-4444-4444-444444444444}"
EndProject
Project("{FAE04EC0-301F-11D3-BF4B-00C04F79EFBC}") = "LLMProxy.Infrastructure.Telemetry", "src\Infrastructure\LLMProxy.Infrastructure.Telemetry\LLMProxy.Infrastructure.Telemetry.csproj", "{A5555555-5555-5555-5555-555555555555}"
EndProject
Project("{FAE04EC0-301F-11D3-BF4B-00C04F79EFBC}") = "LLMProxy.Infrastructure.LLMProviders", "src\Infrastructure\LLMProxy.Infrastructure.LLMProviders\LLMProxy.Infrastructure.LLMProviders.csproj", "{A6666666-6666-6666-6666-666666666666}"
EndProject
Project("{FAE04EC0-301F-11D3-BF4B-00C04F79EFBC}") = "LLMProxy.Infrastructure.Security", "src\Infrastructure\LLMProxy.Infrastructure.Security\LLMProxy.Infrastructure.Security.csproj", "{A7777777-7777-7777-7777-777777777777}"
EndProject
Project("{FAE04EC0-301F-11D3-BF4B-00C04F79EFBC}") = "LLMProxy.Gateway", "src\Presentation\LLMProxy.Gateway\LLMProxy.Gateway.csproj", "{A8888888-8888-8888-8888-888888888888}"
EndProject
Project("{FAE04EC0-301F-11D3-BF4B-00C04F79EFBC}") = "LLMProxy.Admin.API", "src\Presentation\LLMProxy.Admin.API\LLMProxy.Admin.API.csproj", "{A9999999-9999-9999-9999-999999999999}"
EndProject
Project("{FAE04EC0-301F-11D3-BF4B-00C04F79EFBC}") = "LLMProxy.Domain.Tests", "tests\LLMProxy.Domain.Tests\LLMProxy.Domain.Tests.csproj", "{B1111111-1111-1111-1111-111111111111}"
EndProject
Project("{2150E333-8FDC-42A3-9474-1A3956D46DE8}") = "tests", "tests", "{0AB3BF05-4346-4AA6-1389-037BE0695223}"
EndProject
Project("{FAE04EC0-301F-11D3-BF4B-00C04F79EFBC}") = "LLMProxy.Infrastructure.Security.Tests", "tests\LLMProxy.Infrastructure.Security.Tests\LLMProxy.Infrastructure.Security.Tests.csproj", "{FE87631B-77EB-4F1A-B1AA-2B114986C334}"
EndProject
Project("{FAE04EC0-301F-11D3-BF4B-00C04F79EFBC}") = "LLMProxy.Gateway.Tests", "tests\LLMProxy.Gateway.Tests\LLMProxy.Gateway.Tests.csproj", "{EC2DC227-DBB3-4CF6-B8C5-02B350965BF8}"
EndProject
Project("{2150E333-8FDC-42A3-9474-1A3956D46DE8}") = "src", "src", "{827E0CD3-B72D-47B6-A68D-7590B98EB39B}"
EndProject
Project("{2150E333-8FDC-42A3-9474-1A3956D46DE8}") = "Presentation", "Presentation", "{6996BBF7-DB31-59BC-C7DD-9A7CCC6138C4}"
EndProject
Project("{FAE04EC0-301F-11D3-BF4B-00C04F79EFBC}") = "LLMProxy.Admin.API.Tests", "tests\LLMProxy.Admin.API.Tests\LLMProxy.Admin.API.Tests.csproj", "{5086347F-4489-45F9-9141-81C48F23FD85}"
EndProject
Project("{2150E333-8FDC-42A3-9474-1A3956D46DE8}") = "Infrastructure", "Infrastructure", "{9048EB7F-3875-A59E-E36B-5BD4C6F2A282}"
EndProject
Project("{FAE04EC0-301F-11D3-BF4B-00C04F79EFBC}") = "LLMProxy.Infrastructure.Security.Abstractions", "src\Infrastructure\LLMProxy.Infrastructure.Security.Abstractions\LLMProxy.Infrastructure.Security.Abstractions.csproj", "{A838476E-8E59-4841-84DD-4384DC2E6D6A}"
EndProject
Project("{FAE04EC0-301F-11D3-BF4B-00C04F79EFBC}") = "LLMProxy.Infrastructure.Configuration", "src\Infrastructure\LLMProxy.Infrastructure.Configuration\LLMProxy.Infrastructure.Configuration.csproj", "{36D26593-5CF3-4C4F-8219-75E3D00C4D5F}"
EndProject
Project("{FAE04EC0-301F-11D3-BF4B-00C04F79EFBC}") = "LLMProxy.Infrastructure.Configuration.Tests", "tests\LLMProxy.Infrastructure.Configuration.Tests\LLMProxy.Infrastructure.Configuration.Tests.csproj", "{5229760D-C7CC-4700-B782-ED389CB92839}"
EndProject
Project("{FAE04EC0-301F-11D3-BF4B-00C04F79EFBC}") = "LLMProxy.Infrastructure.Telemetry.Tests", "tests\LLMProxy.Infrastructure.Telemetry.Tests\LLMProxy.Infrastructure.Telemetry.Tests.csproj", "{71359376-5459-4C9C-B162-313F6B9F317B}"
EndProject
Project("{FAE04EC0-301F-11D3-BF4B-00C04F79EFBC}") = "LLMProxy.Application.Tests", "tests\LLMProxy.Application.Tests\LLMProxy.Application.Tests.csproj", "{6B0B3E42-DAB5-40C8-808A-6C7FB36EA508}"
EndProject
Project("{FAE04EC0-301F-11D3-BF4B-00C04F79EFBC}") = "LLMProxy.Infrastructure.Redis.Tests", "tests\LLMProxy.Infrastructure.Redis.Tests\LLMProxy.Infrastructure.Redis.Tests.csproj", "{E6016FFA-F1D3-4B35-8C5F-154D7D054A1E}"
EndProject
Project("{FAE04EC0-301F-11D3-BF4B-00C04F79EFBC}") = "LLMProxy.Infrastructure.Authorization.Abstractions", "src\Infrastructure\LLMProxy.Infrastructure.Authorization.Abstractions\LLMProxy.Infrastructure.Authorization.Abstractions.csproj", "{467352FA-65F7-4C2A-BF2C-C3B03C8140AA}"
EndProject
Project("{FAE04EC0-301F-11D3-BF4B-00C04F79EFBC}") = "LLMProxy.Infrastructure.Authorization", "src\Infrastructure\LLMProxy.Infrastructure.Authorization\LLMProxy.Infrastructure.Authorization.csproj", "{79353CD8-539C-433A-B41C-DF2D8DE64CAB}"
EndProject
Project("{FAE04EC0-301F-11D3-BF4B-00C04F79EFBC}") = "LLMProxy.Infrastructure.Authorization.Tests", "tests\LLMProxy.Infrastructure.Authorization.Tests\LLMProxy.Infrastructure.Authorization.Tests.csproj", "{17261161-DB3B-4DDC-8558-D68A3F690E50}"
EndProject
Global
	GlobalSection(SolutionConfigurationPlatforms) = preSolution
		Debug|Any CPU = Debug|Any CPU
		Debug|x64 = Debug|x64
		Debug|x86 = Debug|x86
		Release|Any CPU = Release|Any CPU
		Release|x64 = Release|x64
		Release|x86 = Release|x86
	EndGlobalSection
	GlobalSection(ProjectConfigurationPlatforms) = postSolution
		{A1111111-1111-1111-1111-111111111111}.Debug|Any CPU.ActiveCfg = Debug|Any CPU
		{A1111111-1111-1111-1111-111111111111}.Debug|Any CPU.Build.0 = Debug|Any CPU
		{A1111111-1111-1111-1111-111111111111}.Debug|x64.ActiveCfg = Debug|Any CPU
		{A1111111-1111-1111-1111-111111111111}.Debug|x64.Build.0 = Debug|Any CPU
		{A1111111-1111-1111-1111-111111111111}.Debug|x86.ActiveCfg = Debug|Any CPU
		{A1111111-1111-1111-1111-111111111111}.Debug|x86.Build.0 = Debug|Any CPU
		{A1111111-1111-1111-1111-111111111111}.Release|Any CPU.ActiveCfg = Release|Any CPU
		{A1111111-1111-1111-1111-111111111111}.Release|Any CPU.Build.0 = Release|Any CPU
		{A1111111-1111-1111-1111-111111111111}.Release|x64.ActiveCfg = Release|Any CPU
		{A1111111-1111-1111-1111-111111111111}.Release|x64.Build.0 = Release|Any CPU
		{A1111111-1111-1111-1111-111111111111}.Release|x86.ActiveCfg = Release|Any CPU
		{A1111111-1111-1111-1111-111111111111}.Release|x86.Build.0 = Release|Any CPU
		{A2222222-2222-2222-2222-222222222222}.Debug|Any CPU.ActiveCfg = Debug|Any CPU
		{A2222222-2222-2222-2222-222222222222}.Debug|Any CPU.Build.0 = Debug|Any CPU
		{A2222222-2222-2222-2222-222222222222}.Debug|x64.ActiveCfg = Debug|Any CPU
		{A2222222-2222-2222-2222-222222222222}.Debug|x64.Build.0 = Debug|Any CPU
		{A2222222-2222-2222-2222-222222222222}.Debug|x86.ActiveCfg = Debug|Any CPU
		{A2222222-2222-2222-2222-222222222222}.Debug|x86.Build.0 = Debug|Any CPU
		{A2222222-2222-2222-2222-222222222222}.Release|Any CPU.ActiveCfg = Release|Any CPU
		{A2222222-2222-2222-2222-222222222222}.Release|Any CPU.Build.0 = Release|Any CPU
		{A2222222-2222-2222-2222-222222222222}.Release|x64.ActiveCfg = Release|Any CPU
		{A2222222-2222-2222-2222-222222222222}.Release|x64.Build.0 = Release|Any CPU
		{A2222222-2222-2222-2222-222222222222}.Release|x86.ActiveCfg = Release|Any CPU
		{A2222222-2222-2222-2222-222222222222}.Release|x86.Build.0 = Release|Any CPU
		{A3333333-3333-3333-3333-333333333333}.Debug|Any CPU.ActiveCfg = Debug|Any CPU
		{A3333333-3333-3333-3333-333333333333}.Debug|Any CPU.Build.0 = Debug|Any CPU
		{A3333333-3333-3333-3333-333333333333}.Debug|x64.ActiveCfg = Debug|Any CPU
		{A3333333-3333-3333-3333-333333333333}.Debug|x64.Build.0 = Debug|Any CPU
		{A3333333-3333-3333-3333-333333333333}.Debug|x86.ActiveCfg = Debug|Any CPU
		{A3333333-3333-3333-3333-333333333333}.Debug|x86.Build.0 = Debug|Any CPU
		{A3333333-3333-3333-3333-333333333333}.Release|Any CPU.ActiveCfg = Release|Any CPU
		{A3333333-3333-3333-3333-333333333333}.Release|Any CPU.Build.0 = Release|Any CPU
		{A3333333-3333-3333-3333-333333333333}.Release|x64.ActiveCfg = Release|Any CPU
		{A3333333-3333-3333-3333-333333333333}.Release|x64.Build.0 = Release|Any CPU
		{A3333333-3333-3333-3333-333333333333}.Release|x86.ActiveCfg = Release|Any CPU
		{A3333333-3333-3333-3333-333333333333}.Release|x86.Build.0 = Release|Any CPU
		{A4444444-4444-4444-4444-444444444444}.Debug|Any CPU.ActiveCfg = Debug|Any CPU
		{A4444444-4444-4444-4444-444444444444}.Debug|Any CPU.Build.0 = Debug|Any CPU
		{A4444444-4444-4444-4444-444444444444}.Debug|x64.ActiveCfg = Debug|Any CPU
		{A4444444-4444-4444-4444-444444444444}.Debug|x64.Build.0 = Debug|Any CPU
		{A4444444-4444-4444-4444-444444444444}.Debug|x86.ActiveCfg = Debug|Any CPU
		{A4444444-4444-4444-4444-444444444444}.Debug|x86.Build.0 = Debug|Any CPU
		{A4444444-4444-4444-4444-444444444444}.Release|Any CPU.ActiveCfg = Release|Any CPU
		{A4444444-4444-4444-4444-444444444444}.Release|Any CPU.Build.0 = Release|Any CPU
		{A4444444-4444-4444-4444-444444444444}.Release|x64.ActiveCfg = Release|Any CPU
		{A4444444-4444-4444-4444-444444444444}.Release|x64.Build.0 = Release|Any CPU
		{A4444444-4444-4444-4444-444444444444}.Release|x86.ActiveCfg = Release|Any CPU
		{A4444444-4444-4444-4444-444444444444}.Release|x86.Build.0 = Release|Any CPU
		{A5555555-5555-5555-5555-555555555555}.Debug|Any CPU.ActiveCfg = Debug|Any CPU
		{A5555555-5555-5555-5555-555555555555}.Debug|Any CPU.Build.0 = Debug|Any CPU
		{A5555555-5555-5555-5555-555555555555}.Debug|x64.ActiveCfg = Debug|Any CPU
		{A5555555-5555-5555-5555-555555555555}.Debug|x64.Build.0 = Debug|Any CPU
		{A5555555-5555-5555-5555-555555555555}.Debug|x86.ActiveCfg = Debug|Any CPU
		{A5555555-5555-5555-5555-555555555555}.Debug|x86.Build.0 = Debug|Any CPU
		{A5555555-5555-5555-5555-555555555555}.Release|Any CPU.ActiveCfg = Release|Any CPU
		{A5555555-5555-5555-5555-555555555555}.Release|Any CPU.Build.0 = Release|Any CPU
		{A5555555-5555-5555-5555-555555555555}.Release|x64.ActiveCfg = Release|Any CPU
		{A5555555-5555-5555-5555-555555555555}.Release|x64.Build.0 = Release|Any CPU
		{A5555555-5555-5555-5555-555555555555}.Release|x86.ActiveCfg = Release|Any CPU
		{A5555555-5555-5555-5555-555555555555}.Release|x86.Build.0 = Release|Any CPU
		{A6666666-6666-6666-6666-666666666666}.Debug|Any CPU.ActiveCfg = Debug|Any CPU
		{A6666666-6666-6666-6666-666666666666}.Debug|Any CPU.Build.0 = Debug|Any CPU
		{A6666666-6666-6666-6666-666666666666}.Debug|x64.ActiveCfg = Debug|Any CPU
		{A6666666-6666-6666-6666-666666666666}.Debug|x64.Build.0 = Debug|Any CPU
		{A6666666-6666-6666-6666-666666666666}.Debug|x86.ActiveCfg = Debug|Any CPU
		{A6666666-6666-6666-6666-666666666666}.Debug|x86.Build.0 = Debug|Any CPU
		{A6666666-6666-6666-6666-666666666666}.Release|Any CPU.ActiveCfg = Release|Any CPU
		{A6666666-6666-6666-6666-666666666666}.Release|Any CPU.Build.0 = Release|Any CPU
		{A6666666-6666-6666-6666-666666666666}.Release|x64.ActiveCfg = Release|Any CPU
		{A6666666-6666-6666-6666-666666666666}.Release|x64.Build.0 = Release|Any CPU
		{A6666666-6666-6666-6666-666666666666}.Release|x86.ActiveCfg = Release|Any CPU
		{A6666666-6666-6666-6666-666666666666}.Release|x86.Build.0 = Release|Any CPU
		{A7777777-7777-7777-7777-777777777777}.Debug|Any CPU.ActiveCfg = Debug|Any CPU
		{A7777777-7777-7777-7777-777777777777}.Debug|Any CPU.Build.0 = Debug|Any CPU
		{A7777777-7777-7777-7777-777777777777}.Debug|x64.ActiveCfg = Debug|Any CPU
		{A7777777-7777-7777-7777-777777777777}.Debug|x64.Build.0 = Debug|Any CPU
		{A7777777-7777-7777-7777-777777777777}.Debug|x86.ActiveCfg = Debug|Any CPU
		{A7777777-7777-7777-7777-777777777777}.Debug|x86.Build.0 = Debug|Any CPU
		{A7777777-7777-7777-7777-777777777777}.Release|Any CPU.ActiveCfg = Release|Any CPU
		{A7777777-7777-7777-7777-777777777777}.Release|Any CPU.Build.0 = Release|Any CPU
		{A7777777-7777-7777-7777-777777777777}.Release|x64.ActiveCfg = Release|Any CPU
		{A7777777-7777-7777-7777-777777777777}.Release|x64.Build.0 = Release|Any CPU
		{A7777777-7777-7777-7777-777777777777}.Release|x86.ActiveCfg = Release|Any CPU
		{A7777777-7777-7777-7777-777777777777}.Release|x86.Build.0 = Release|Any CPU
		{A8888888-8888-8888-8888-888888888888}.Debug|Any CPU.ActiveCfg = Debug|Any CPU
		{A8888888-8888-8888-8888-888888888888}.Debug|Any CPU.Build.0 = Debug|Any CPU
		{A8888888-8888-8888-8888-888888888888}.Debug|x64.ActiveCfg = Debug|Any CPU
		{A8888888-8888-8888-8888-888888888888}.Debug|x64.Build.0 = Debug|Any CPU
		{A8888888-8888-8888-8888-888888888888}.Debug|x86.ActiveCfg = Debug|Any CPU
		{A8888888-8888-8888-8888-888888888888}.Debug|x86.Build.0 = Debug|Any CPU
		{A8888888-8888-8888-8888-888888888888}.Release|Any CPU.ActiveCfg = Release|Any CPU
		{A8888888-8888-8888-8888-888888888888}.Release|Any CPU.Build.0 = Release|Any CPU
		{A8888888-8888-8888-8888-888888888888}.Release|x64.ActiveCfg = Release|Any CPU
		{A8888888-8888-8888-8888-888888888888}.Release|x64.Build.0 = Release|Any CPU
		{A8888888-8888-8888-8888-888888888888}.Release|x86.ActiveCfg = Release|Any CPU
		{A8888888-8888-8888-8888-888888888888}.Release|x86.Build.0 = Release|Any CPU
		{A9999999-9999-9999-9999-999999999999}.Debug|Any CPU.ActiveCfg = Debug|Any CPU
		{A9999999-9999-9999-9999-999999999999}.Debug|Any CPU.Build.0 = Debug|Any CPU
		{A9999999-9999-9999-9999-999999999999}.Debug|x64.ActiveCfg = Debug|Any CPU
		{A9999999-9999-9999-9999-999999999999}.Debug|x64.Build.0 = Debug|Any CPU
		{A9999999-9999-9999-9999-999999999999}.Debug|x86.ActiveCfg = Debug|Any CPU
		{A9999999-9999-9999-9999-999999999999}.Debug|x86.Build.0 = Debug|Any CPU
		{A9999999-9999-9999-9999-999999999999}.Release|Any CPU.ActiveCfg = Release|Any CPU
		{A9999999-9999-9999-9999-999999999999}.Release|Any CPU.Build.0 = Release|Any CPU
		{A9999999-9999-9999-9999-999999999999}.Release|x64.ActiveCfg = Release|Any CPU
		{A9999999-9999-9999-9999-999999999999}.Release|x64.Build.0 = Release|Any CPU
		{A9999999-9999-9999-9999-999999999999}.Release|x86.ActiveCfg = Release|Any CPU
		{A9999999-9999-9999-9999-999999999999}.Release|x86.Build.0 = Release|Any CPU
		{B1111111-1111-1111-1111-111111111111}.Debug|Any CPU.ActiveCfg = Debug|Any CPU
		{B1111111-1111-1111-1111-111111111111}.Debug|Any CPU.Build.0 = Debug|Any CPU
		{B1111111-1111-1111-1111-111111111111}.Debug|x64.ActiveCfg = Debug|Any CPU
		{B1111111-1111-1111-1111-111111111111}.Debug|x64.Build.0 = Debug|Any CPU
		{B1111111-1111-1111-1111-111111111111}.Debug|x86.ActiveCfg = Debug|Any CPU
		{B1111111-1111-1111-1111-111111111111}.Debug|x86.Build.0 = Debug|Any CPU
		{B1111111-1111-1111-1111-111111111111}.Release|Any CPU.ActiveCfg = Release|Any CPU
		{B1111111-1111-1111-1111-111111111111}.Release|Any CPU.Build.0 = Release|Any CPU
		{B1111111-1111-1111-1111-111111111111}.Release|x64.ActiveCfg = Release|Any CPU
		{B1111111-1111-1111-1111-111111111111}.Release|x64.Build.0 = Release|Any CPU
		{B1111111-1111-1111-1111-111111111111}.Release|x86.ActiveCfg = Release|Any CPU
		{B1111111-1111-1111-1111-111111111111}.Release|x86.Build.0 = Release|Any CPU
		{FE87631B-77EB-4F1A-B1AA-2B114986C334}.Debug|Any CPU.ActiveCfg = Debug|Any CPU
		{FE87631B-77EB-4F1A-B1AA-2B114986C334}.Debug|Any CPU.Build.0 = Debug|Any CPU
		{FE87631B-77EB-4F1A-B1AA-2B114986C334}.Debug|x64.ActiveCfg = Debug|Any CPU
		{FE87631B-77EB-4F1A-B1AA-2B114986C334}.Debug|x64.Build.0 = Debug|Any CPU
		{FE87631B-77EB-4F1A-B1AA-2B114986C334}.Debug|x86.ActiveCfg = Debug|Any CPU
		{FE87631B-77EB-4F1A-B1AA-2B114986C334}.Debug|x86.Build.0 = Debug|Any CPU
		{FE87631B-77EB-4F1A-B1AA-2B114986C334}.Release|Any CPU.ActiveCfg = Release|Any CPU
		{FE87631B-77EB-4F1A-B1AA-2B114986C334}.Release|Any CPU.Build.0 = Release|Any CPU
		{FE87631B-77EB-4F1A-B1AA-2B114986C334}.Release|x64.ActiveCfg = Release|Any CPU
		{FE87631B-77EB-4F1A-B1AA-2B114986C334}.Release|x64.Build.0 = Release|Any CPU
		{FE87631B-77EB-4F1A-B1AA-2B114986C334}.Release|x86.ActiveCfg = Release|Any CPU
		{FE87631B-77EB-4F1A-B1AA-2B114986C334}.Release|x86.Build.0 = Release|Any CPU
		{EC2DC227-DBB3-4CF6-B8C5-02B350965BF8}.Debug|Any CPU.ActiveCfg = Debug|Any CPU
		{EC2DC227-DBB3-4CF6-B8C5-02B350965BF8}.Debug|Any CPU.Build.0 = Debug|Any CPU
		{EC2DC227-DBB3-4CF6-B8C5-02B350965BF8}.Debug|x64.ActiveCfg = Debug|Any CPU
		{EC2DC227-DBB3-4CF6-B8C5-02B350965BF8}.Debug|x64.Build.0 = Debug|Any CPU
		{EC2DC227-DBB3-4CF6-B8C5-02B350965BF8}.Debug|x86.ActiveCfg = Debug|Any CPU
		{EC2DC227-DBB3-4CF6-B8C5-02B350965BF8}.Debug|x86.Build.0 = Debug|Any CPU
		{EC2DC227-DBB3-4CF6-B8C5-02B350965BF8}.Release|Any CPU.ActiveCfg = Release|Any CPU
		{EC2DC227-DBB3-4CF6-B8C5-02B350965BF8}.Release|Any CPU.Build.0 = Release|Any CPU
		{EC2DC227-DBB3-4CF6-B8C5-02B350965BF8}.Release|x64.ActiveCfg = Release|Any CPU
		{EC2DC227-DBB3-4CF6-B8C5-02B350965BF8}.Release|x64.Build.0 = Release|Any CPU
		{EC2DC227-DBB3-4CF6-B8C5-02B350965BF8}.Release|x86.ActiveCfg = Release|Any CPU
		{EC2DC227-DBB3-4CF6-B8C5-02B350965BF8}.Release|x86.Build.0 = Release|Any CPU
		{5086347F-4489-45F9-9141-81C48F23FD85}.Debug|Any CPU.ActiveCfg = Debug|Any CPU
		{5086347F-4489-45F9-9141-81C48F23FD85}.Debug|Any CPU.Build.0 = Debug|Any CPU
		{5086347F-4489-45F9-9141-81C48F23FD85}.Debug|x64.ActiveCfg = Debug|Any CPU
		{5086347F-4489-45F9-9141-81C48F23FD85}.Debug|x64.Build.0 = Debug|Any CPU
		{5086347F-4489-45F9-9141-81C48F23FD85}.Debug|x86.ActiveCfg = Debug|Any CPU
		{5086347F-4489-45F9-9141-81C48F23FD85}.Debug|x86.Build.0 = Debug|Any CPU
		{5086347F-4489-45F9-9141-81C48F23FD85}.Release|Any CPU.ActiveCfg = Release|Any CPU
		{5086347F-4489-45F9-9141-81C48F23FD85}.Release|Any CPU.Build.0 = Release|Any CPU
		{5086347F-4489-45F9-9141-81C48F23FD85}.Release|x64.ActiveCfg = Release|Any CPU
		{5086347F-4489-45F9-9141-81C48F23FD85}.Release|x64.Build.0 = Release|Any CPU
		{5086347F-4489-45F9-9141-81C48F23FD85}.Release|x86.ActiveCfg = Release|Any CPU
		{5086347F-4489-45F9-9141-81C48F23FD85}.Release|x86.Build.0 = Release|Any CPU
		{A838476E-8E59-4841-84DD-4384DC2E6D6A}.Debug|Any CPU.ActiveCfg = Debug|Any CPU
		{A838476E-8E59-4841-84DD-4384DC2E6D6A}.Debug|Any CPU.Build.0 = Debug|Any CPU
		{A838476E-8E59-4841-84DD-4384DC2E6D6A}.Debug|x64.ActiveCfg = Debug|Any CPU
		{A838476E-8E59-4841-84DD-4384DC2E6D6A}.Debug|x64.Build.0 = Debug|Any CPU
		{A838476E-8E59-4841-84DD-4384DC2E6D6A}.Debug|x86.ActiveCfg = Debug|Any CPU
		{A838476E-8E59-4841-84DD-4384DC2E6D6A}.Debug|x86.Build.0 = Debug|Any CPU
		{A838476E-8E59-4841-84DD-4384DC2E6D6A}.Release|Any CPU.ActiveCfg = Release|Any CPU
		{A838476E-8E59-4841-84DD-4384DC2E6D6A}.Release|Any CPU.Build.0 = Release|Any CPU
		{A838476E-8E59-4841-84DD-4384DC2E6D6A}.Release|x64.ActiveCfg = Release|Any CPU
		{A838476E-8E59-4841-84DD-4384DC2E6D6A}.Release|x64.Build.0 = Release|Any CPU
		{A838476E-8E59-4841-84DD-4384DC2E6D6A}.Release|x86.ActiveCfg = Release|Any CPU
		{A838476E-8E59-4841-84DD-4384DC2E6D6A}.Release|x86.Build.0 = Release|Any CPU
		{36D26593-5CF3-4C4F-8219-75E3D00C4D5F}.Debug|Any CPU.ActiveCfg = Debug|Any CPU
		{36D26593-5CF3-4C4F-8219-75E3D00C4D5F}.Debug|Any CPU.Build.0 = Debug|Any CPU
		{36D26593-5CF3-4C4F-8219-75E3D00C4D5F}.Debug|x64.ActiveCfg = Debug|Any CPU
		{36D26593-5CF3-4C4F-8219-75E3D00C4D5F}.Debug|x64.Build.0 = Debug|Any CPU
		{36D26593-5CF3-4C4F-8219-75E3D00C4D5F}.Debug|x86.ActiveCfg = Debug|Any CPU
		{36D26593-5CF3-4C4F-8219-75E3D00C4D5F}.Debug|x86.Build.0 = Debug|Any CPU
		{36D26593-5CF3-4C4F-8219-75E3D00C4D5F}.Release|Any CPU.ActiveCfg = Release|Any CPU
		{36D26593-5CF3-4C4F-8219-75E3D00C4D5F}.Release|Any CPU.Build.0 = Release|Any CPU
		{36D26593-5CF3-4C4F-8219-75E3D00C4D5F}.Release|x64.ActiveCfg = Release|Any CPU
		{36D26593-5CF3-4C4F-8219-75E3D00C4D5F}.Release|x64.Build.0 = Release|Any CPU
		{36D26593-5CF3-4C4F-8219-75E3D00C4D5F}.Release|x86.ActiveCfg = Release|Any CPU
		{36D26593-5CF3-4C4F-8219-75E3D00C4D5F}.Release|x86.Build.0 = Release|Any CPU
		{5229760D-C7CC-4700-B782-ED389CB92839}.Debug|Any CPU.ActiveCfg = Debug|Any CPU
		{5229760D-C7CC-4700-B782-ED389CB92839}.Debug|Any CPU.Build.0 = Debug|Any CPU
		{5229760D-C7CC-4700-B782-ED389CB92839}.Debug|x64.ActiveCfg = Debug|Any CPU
		{5229760D-C7CC-4700-B782-ED389CB92839}.Debug|x64.Build.0 = Debug|Any CPU
		{5229760D-C7CC-4700-B782-ED389CB92839}.Debug|x86.ActiveCfg = Debug|Any CPU
		{5229760D-C7CC-4700-B782-ED389CB92839}.Debug|x86.Build.0 = Debug|Any CPU
		{5229760D-C7CC-4700-B782-ED389CB92839}.Release|Any CPU.ActiveCfg = Release|Any CPU
		{5229760D-C7CC-4700-B782-ED389CB92839}.Release|Any CPU.Build.0 = Release|Any CPU
		{5229760D-C7CC-4700-B782-ED389CB92839}.Release|x64.ActiveCfg = Release|Any CPU
		{5229760D-C7CC-4700-B782-ED389CB92839}.Release|x64.Build.0 = Release|Any CPU
		{5229760D-C7CC-4700-B782-ED389CB92839}.Release|x86.ActiveCfg = Release|Any CPU
		{5229760D-C7CC-4700-B782-ED389CB92839}.Release|x86.Build.0 = Release|Any CPU
		{71359376-5459-4C9C-B162-313F6B9F317B}.Debug|Any CPU.ActiveCfg = Debug|Any CPU
		{71359376-5459-4C9C-B162-313F6B9F317B}.Debug|Any CPU.Build.0 = Debug|Any CPU
		{71359376-5459-4C9C-B162-313F6B9F317B}.Debug|x64.ActiveCfg = Debug|Any CPU
		{71359376-5459-4C9C-B162-313F6B9F317B}.Debug|x64.Build.0 = Debug|Any CPU
		{71359376-5459-4C9C-B162-313F6B9F317B}.Debug|x86.ActiveCfg = Debug|Any CPU
		{71359376-5459-4C9C-B162-313F6B9F317B}.Debug|x86.Build.0 = Debug|Any CPU
		{71359376-5459-4C9C-B162-313F6B9F317B}.Release|Any CPU.ActiveCfg = Release|Any CPU
		{71359376-5459-4C9C-B162-313F6B9F317B}.Release|Any CPU.Build.0 = Release|Any CPU
		{71359376-5459-4C9C-B162-313F6B9F317B}.Release|x64.ActiveCfg = Release|Any CPU
		{71359376-5459-4C9C-B162-313F6B9F317B}.Release|x64.Build.0 = Release|Any CPU
		{71359376-5459-4C9C-B162-313F6B9F317B}.Release|x86.ActiveCfg = Release|Any CPU
		{71359376-5459-4C9C-B162-313F6B9F317B}.Release|x86.Build.0 = Release|Any CPU
		{6B0B3E42-DAB5-40C8-808A-6C7FB36EA508}.Debug|Any CPU.ActiveCfg = Debug|Any CPU
		{6B0B3E42-DAB5-40C8-808A-6C7FB36EA508}.Debug|Any CPU.Build.0 = Debug|Any CPU
		{6B0B3E42-DAB5-40C8-808A-6C7FB36EA508}.Debug|x64.ActiveCfg = Debug|Any CPU
		{6B0B3E42-DAB5-40C8-808A-6C7FB36EA508}.Debug|x64.Build.0 = Debug|Any CPU
		{6B0B3E42-DAB5-40C8-808A-6C7FB36EA508}.Debug|x86.ActiveCfg = Debug|Any CPU
		{6B0B3E42-DAB5-40C8-808A-6C7FB36EA508}.Debug|x86.Build.0 = Debug|Any CPU
		{6B0B3E42-DAB5-40C8-808A-6C7FB36EA508}.Release|Any CPU.ActiveCfg = Release|Any CPU
		{6B0B3E42-DAB5-40C8-808A-6C7FB36EA508}.Release|Any CPU.Build.0 = Release|Any CPU
		{6B0B3E42-DAB5-40C8-808A-6C7FB36EA508}.Release|x64.ActiveCfg = Release|Any CPU
		{6B0B3E42-DAB5-40C8-808A-6C7FB36EA508}.Release|x64.Build.0 = Release|Any CPU
		{6B0B3E42-DAB5-40C8-808A-6C7FB36EA508}.Release|x86.ActiveCfg = Release|Any CPU
		{6B0B3E42-DAB5-40C8-808A-6C7FB36EA508}.Release|x86.Build.0 = Release|Any CPU
		{E6016FFA-F1D3-4B35-8C5F-154D7D054A1E}.Debug|Any CPU.ActiveCfg = Debug|Any CPU
		{E6016FFA-F1D3-4B35-8C5F-154D7D054A1E}.Debug|Any CPU.Build.0 = Debug|Any CPU
		{E6016FFA-F1D3-4B35-8C5F-154D7D054A1E}.Debug|x64.ActiveCfg = Debug|Any CPU
		{E6016FFA-F1D3-4B35-8C5F-154D7D054A1E}.Debug|x64.Build.0 = Debug|Any CPU
		{E6016FFA-F1D3-4B35-8C5F-154D7D054A1E}.Debug|x86.ActiveCfg = Debug|Any CPU
		{E6016FFA-F1D3-4B35-8C5F-154D7D054A1E}.Debug|x86.Build.0 = Debug|Any CPU
		{E6016FFA-F1D3-4B35-8C5F-154D7D054A1E}.Release|Any CPU.ActiveCfg = Release|Any CPU
		{E6016FFA-F1D3-4B35-8C5F-154D7D054A1E}.Release|Any CPU.Build.0 = Release|Any CPU
		{E6016FFA-F1D3-4B35-8C5F-154D7D054A1E}.Release|x64.ActiveCfg = Release|Any CPU
		{E6016FFA-F1D3-4B35-8C5F-154D7D054A1E}.Release|x64.Build.0 = Release|Any CPU
		{E6016FFA-F1D3-4B35-8C5F-154D7D054A1E}.Release|x86.ActiveCfg = Release|Any CPU
		{E6016FFA-F1D3-4B35-8C5F-154D7D054A1E}.Release|x86.Build.0 = Release|Any CPU
		{467352FA-65F7-4C2A-BF2C-C3B03C8140AA}.Debug|Any CPU.ActiveCfg = Debug|Any CPU
		{467352FA-65F7-4C2A-BF2C-C3B03C8140AA}.Debug|Any CPU.Build.0 = Debug|Any CPU
		{467352FA-65F7-4C2A-BF2C-C3B03C8140AA}.Debug|x64.ActiveCfg = Debug|Any CPU
		{467352FA-65F7-4C2A-BF2C-C3B03C8140AA}.Debug|x64.Build.0 = Debug|Any CPU
		{467352FA-65F7-4C2A-BF2C-C3B03C8140AA}.Debug|x86.ActiveCfg = Debug|Any CPU
		{467352FA-65F7-4C2A-BF2C-C3B03C8140AA}.Debug|x86.Build.0 = Debug|Any CPU
		{467352FA-65F7-4C2A-BF2C-C3B03C8140AA}.Release|Any CPU.ActiveCfg = Release|Any CPU
		{467352FA-65F7-4C2A-BF2C-C3B03C8140AA}.Release|Any CPU.Build.0 = Release|Any CPU
		{467352FA-65F7-4C2A-BF2C-C3B03C8140AA}.Release|x64.ActiveCfg = Release|Any CPU
		{467352FA-65F7-4C2A-BF2C-C3B03C8140AA}.Release|x64.Build.0 = Release|Any CPU
		{467352FA-65F7-4C2A-BF2C-C3B03C8140AA}.Release|x86.ActiveCfg = Release|Any CPU
		{467352FA-65F7-4C2A-BF2C-C3B03C8140AA}.Release|x86.Build.0 = Release|Any CPU
		{79353CD8-539C-433A-B41C-DF2D8DE64CAB}.Debug|Any CPU.ActiveCfg = Debug|Any CPU
		{79353CD8-539C-433A-B41C-DF2D8DE64CAB}.Debug|Any CPU.Build.0 = Debug|Any CPU
		{79353CD8-539C-433A-B41C-DF2D8DE64CAB}.Debug|x64.ActiveCfg = Debug|Any CPU
		{79353CD8-539C-433A-B41C-DF2D8DE64CAB}.Debug|x64.Build.0 = Debug|Any CPU
		{79353CD8-539C-433A-B41C-DF2D8DE64CAB}.Debug|x86.ActiveCfg = Debug|Any CPU
		{79353CD8-539C-433A-B41C-DF2D8DE64CAB}.Debug|x86.Build.0 = Debug|Any CPU
		{79353CD8-539C-433A-B41C-DF2D8DE64CAB}.Release|Any CPU.ActiveCfg = Release|Any CPU
		{79353CD8-539C-433A-B41C-DF2D8DE64CAB}.Release|Any CPU.Build.0 = Release|Any CPU
		{79353CD8-539C-433A-B41C-DF2D8DE64CAB}.Release|x64.ActiveCfg = Release|Any CPU
		{79353CD8-539C-433A-B41C-DF2D8DE64CAB}.Release|x64.Build.0 = Release|Any CPU
		{79353CD8-539C-433A-B41C-DF2D8DE64CAB}.Release|x86.ActiveCfg = Release|Any CPU
		{79353CD8-539C-433A-B41C-DF2D8DE64CAB}.Release|x86.Build.0 = Release|Any CPU
		{17261161-DB3B-4DDC-8558-D68A3F690E50}.Debug|Any CPU.ActiveCfg = Debug|Any CPU
		{17261161-DB3B-4DDC-8558-D68A3F690E50}.Debug|Any CPU.Build.0 = Debug|Any CPU
		{17261161-DB3B-4DDC-8558-D68A3F690E50}.Debug|x64.ActiveCfg = Debug|Any CPU
		{17261161-DB3B-4DDC-8558-D68A3F690E50}.Debug|x64.Build.0 = Debug|Any CPU
		{17261161-DB3B-4DDC-8558-D68A3F690E50}.Debug|x86.ActiveCfg = Debug|Any CPU
		{17261161-DB3B-4DDC-8558-D68A3F690E50}.Debug|x86.Build.0 = Debug|Any CPU
		{17261161-DB3B-4DDC-8558-D68A3F690E50}.Release|Any CPU.ActiveCfg = Release|Any CPU
		{17261161-DB3B-4DDC-8558-D68A3F690E50}.Release|Any CPU.Build.0 = Release|Any CPU
		{17261161-DB3B-4DDC-8558-D68A3F690E50}.Release|x64.ActiveCfg = Release|Any CPU
		{17261161-DB3B-4DDC-8558-D68A3F690E50}.Release|x64.Build.0 = Release|Any CPU
		{17261161-DB3B-4DDC-8558-D68A3F690E50}.Release|x86.ActiveCfg = Release|Any CPU
		{17261161-DB3B-4DDC-8558-D68A3F690E50}.Release|x86.Build.0 = Release|Any CPU
	EndGlobalSection
	GlobalSection(SolutionProperties) = preSolution
		HideSolutionNode = FALSE
	EndGlobalSection
	GlobalSection(NestedProjects) = preSolution
		{FE87631B-77EB-4F1A-B1AA-2B114986C334} = {0AB3BF05-4346-4AA6-1389-037BE0695223}
		{EC2DC227-DBB3-4CF6-B8C5-02B350965BF8} = {0AB3BF05-4346-4AA6-1389-037BE0695223}
		{6996BBF7-DB31-59BC-C7DD-9A7CCC6138C4} = {827E0CD3-B72D-47B6-A68D-7590B98EB39B}
		{5086347F-4489-45F9-9141-81C48F23FD85} = {0AB3BF05-4346-4AA6-1389-037BE0695223}
		{9048EB7F-3875-A59E-E36B-5BD4C6F2A282} = {827E0CD3-B72D-47B6-A68D-7590B98EB39B}
		{A838476E-8E59-4841-84DD-4384DC2E6D6A} = {9048EB7F-3875-A59E-E36B-5BD4C6F2A282}
		{36D26593-5CF3-4C4F-8219-75E3D00C4D5F} = {9048EB7F-3875-A59E-E36B-5BD4C6F2A282}
		{5229760D-C7CC-4700-B782-ED389CB92839} = {0AB3BF05-4346-4AA6-1389-037BE0695223}
		{71359376-5459-4C9C-B162-313F6B9F317B} = {0AB3BF05-4346-4AA6-1389-037BE0695223}
		{6B0B3E42-DAB5-40C8-808A-6C7FB36EA508} = {0AB3BF05-4346-4AA6-1389-037BE0695223}
		{E6016FFA-F1D3-4B35-8C5F-154D7D054A1E} = {0AB3BF05-4346-4AA6-1389-037BE0695223}
		{467352FA-65F7-4C2A-BF2C-C3B03C8140AA} = {9048EB7F-3875-A59E-E36B-5BD4C6F2A282}
		{79353CD8-539C-433A-B41C-DF2D8DE64CAB} = {9048EB7F-3875-A59E-E36B-5BD4C6F2A282}
		{17261161-DB3B-4DDC-8558-D68A3F690E50} = {0AB3BF05-4346-4AA6-1389-037BE0695223}
	EndGlobalSection
EndGlobal
